{
    "_readme": [
        "This file locks the dependencies of your project to a known state",
        "Read more about it at https://getcomposer.org/doc/01-basic-usage.md#composer-lock-the-lock-file",
        "This file is @generated automatically"
    ],
    "hash": "63e246fdd8de67851ea6179b780c2031",
    "packages": [

        {
            "name": "phpunit/dbunit",
            "version": "1.4.0",
            "source": {
                "type": "git",
                "url": "https://github.com/sebastianbergmann/dbunit.git",
                "reference": "1afe25c90834ec499f007f48dd73767fdec3bf4f"
            },
            "dist": {
                "type": "zip",
                "url": "https://api.github.com/repos/sebastianbergmann/dbunit/zipball/1afe25c90834ec499f007f48dd73767fdec3bf4f",
                "reference": "1afe25c90834ec499f007f48dd73767fdec3bf4f",
                "shasum": ""
            },
            "require": {
                "ext-pdo": "*",
                "ext-simplexml": "*",
                "php": ">=5.3.3",
                "phpunit/phpunit": "~4.0",
                "symfony/yaml": "~2.1"
            },
            "bin": [
                "composer/bin/dbunit"
            ],
            "type": "library",
            "extra": {
                "branch-alias": {
                    "dev-master": "1.3.x-dev"
                }
            },
            "autoload": {
                "classmap": [
                    "PHPUnit/"
                ]
            },
            "notification-url": "https://packagist.org/downloads/",
            "include-path": [
                "",
                "../../symfony/yaml/"
            ],
            "license": [
                "BSD-3-Clause"
            ],
            "authors": [
                {
                    "name": "Sebastian Bergmann",
                    "email": "sb@sebastian-bergmann.de",
                    "role": "lead"
                }
            ],
            "description": "DbUnit port for PHP/PHPUnit to support database interaction testing.",
            "homepage": "https://github.com/sebastianbergmann/dbunit/",
            "keywords": [
                "database",
                "testing",
                "xunit"
            ],
            "time": "2015-05-21 21:11:02"
        },
        {
            "name": "phpunit/dbunit",
            "version": "1.4.0",
            "source": {
                "type": "git",
                "url": "https://github.com/sebastianbergmann/dbunit.git",
                "reference": "1afe25c90834ec499f007f48dd73767fdec3bf4f"
            },
            "dist": {
                "type": "zip",
                "url": "https://api.github.com/repos/sebastianbergmann/dbunit/zipball/1afe25c90834ec499f007f48dd73767fdec3bf4f",
                "reference": "1afe25c90834ec499f007f48dd73767fdec3bf4f",
                "shasum": ""
            },
            "require": {
                "ext-pdo": "*",
                "ext-simplexml": "*",
                "php": ">=5.3.3",
                "phpunit/phpunit": "~4.0",
                "symfony/yaml": "~2.1"
            },
            "bin": [
                "composer/bin/dbunit"
            ],
            "type": "library",
            "extra": {
                "branch-alias": {
                    "dev-master": "1.3.x-dev"
                }
            },
            "autoload": {
                "classmap": [
                    "PHPUnit/"
                ]
            },
            "notification-url": "https://packagist.org/downloads/",
            "include-path": [
                "",
                "../../symfony/yaml/"
            ],
            "license": [
                "BSD-3-Clause"
            ],
            "authors": [
                {
                    "name": "Sebastian Bergmann",
                    "email": "sb@sebastian-bergmann.de",
                    "role": "lead"
                }
            ],
            "description": "DbUnit port for PHP/PHPUnit to support database interaction testing.",
            "homepage": "https://github.com/sebastianbergmann/dbunit/",
            "keywords": [
                "database",
                "testing",
                "xunit"
            ],
            "time": "2015-05-21 21:11:02"
        }
    ],
    "aliases": [],
    "minimum-stability": "stable",
    "stability-flags": [],
    "prefer-stable": false,
    "prefer-lowest": false,
    "platform": {
        "php": ">=5.4.0"
    },
    "platform-dev": []
}
